
Microsoft Visual Studio Solution File, Format Version 12.00
# Visual Studio Version 17
VisualStudioVersion = 17.9.34728.123
MinimumVisualStudioVersion = 10.0.40219.1
Project("{FAE04EC0-301F-11D3-BF4B-00C04F79EFBC}") = "HelloWorld", "HelloWorld\HelloWorld.csproj", "{E9E15A7F-5810-4195-92F5-A88556247E1C}"
EndProject
Global
	GlobalSection(SolutionConfigurationPlatforms) = preSolution
		Debug|Any CPU = Debug|Any CPU
		Release|Any CPU = Release|Any CPU
	EndGlobalSection
	GlobalSection(ProjectConfigurationPlatforms) = postSolution
		{E9E15A7F-5810-4195-92F5-A88556247E1C}.Debug|Any CPU.ActiveCfg = Debug|Any CPU
		{E9E15A7F-5810-4195-92F5-A88556247E1C}.Debug|Any CPU.Build.0 = Debug|Any CPU
		{E9E15A7F-5810-4195-92F5-A88556247E1C}.Release|Any CPU.ActiveCfg = Release|Any CPU
		{E9E15A7F-5810-4195-92F5-A88556247E1C}.Release|Any CPU.Build.0 = Release|Any CPU
	EndGlobalSection
	GlobalSection(SolutionProperties) = preSolution
		HideSolutionNode = FALSE
	EndGlobalSection
	GlobalSection(ExtensibilityGlobals) = postSolution
		SolutionGuid = {1A1551CD-B1EA-42B7-95DC-E3751129B621}
	EndGlobalSection
EndGlobal
